
Microsoft Visual Studio Solution File, Format Version 12.00
# Visual Studio 15
Project("{FAE04EC0-301F-11D3-BF4B-00C04F79EFBC}") = "Assembly-CSharp", "Assembly-CSharp.csproj", "{09713784-38F9-AB47-1ECF-BDC418183CCA}"
EndProject
Project("{FAE04EC0-301F-11D3-BF4B-00C04F79EFBC}") = "ParrelSync", "ParrelSync.csproj", "{5E4B0EDF-89A0-EF7D-4FCA-D7BCE7BDD0B9}"
EndProject
Project("{FAE04EC0-301F-11D3-BF4B-00C04F79EFBC}") = "Assembly-CSharp-Editor", "Assembly-CSharp-Editor.csproj", "{8F6E1571-4170-6F44-FF13-48A752F1810A}"
EndProject
Global
	GlobalSection(SolutionConfigurationPlatforms) = preSolution
		Debug|Any CPU = Debug|Any CPU
		Release|Any CPU = Release|Any CPU
	EndGlobalSection
	GlobalSection(ProjectConfigurationPlatforms) = postSolution
		{09713784-38F9-AB47-1ECF-BDC418183CCA}.Debug|Any CPU.ActiveCfg = Debug|Any CPU
		{09713784-38F9-AB47-1ECF-BDC418183CCA}.Debug|Any CPU.Build.0 = Debug|Any CPU
		{09713784-38F9-AB47-1ECF-BDC418183CCA}.Release|Any CPU.ActiveCfg = Release|Any CPU
		{09713784-38F9-AB47-1ECF-BDC418183CCA}.Release|Any CPU.Build.0 = Release|Any CPU
		{5E4B0EDF-89A0-EF7D-4FCA-D7BCE7BDD0B9}.Debug|Any CPU.ActiveCfg = Debug|Any CPU
		{5E4B0EDF-89A0-EF7D-4FCA-D7BCE7BDD0B9}.Debug|Any CPU.Build.0 = Debug|Any CPU
		{5E4B0EDF-89A0-EF7D-4FCA-D7BCE7BDD0B9}.Release|Any CPU.ActiveCfg = Release|Any CPU
		{5E4B0EDF-89A0-EF7D-4FCA-D7BCE7BDD0B9}.Release|Any CPU.Build.0 = Release|Any CPU
		{8F6E1571-4170-6F44-FF13-48A752F1810A}.Debug|Any CPU.ActiveCfg = Debug|Any CPU
		{8F6E1571-4170-6F44-FF13-48A752F1810A}.Debug|Any CPU.Build.0 = Debug|Any CPU
		{8F6E1571-4170-6F44-FF13-48A752F1810A}.Release|Any CPU.ActiveCfg = Release|Any CPU
		{8F6E1571-4170-6F44-FF13-48A752F1810A}.Release|Any CPU.Build.0 = Release|Any CPU
	EndGlobalSection
	GlobalSection(SolutionProperties) = preSolution
		HideSolutionNode = FALSE
	EndGlobalSection
EndGlobal
